
Microsoft Visual Studio Solution File, Format Version 12.00
# Visual Studio Version 17
VisualStudioVersion = 17.7.34031.279
MinimumVisualStudioVersion = 10.0.40219.1
Project("{FAE04EC0-301F-11D3-BF4B-00C04F79EFBC}") = "MugiwaraGram", "MugiwaraGram\MugiwaraGram.csproj", "{5041811D-5299-4611-8BA7-9C6A5E8B5597}"
EndProject
Global
	GlobalSection(SolutionConfigurationPlatforms) = preSolution
		Debug|Any CPU = Debug|Any CPU
		Release|Any CPU = Release|Any CPU
	EndGlobalSection
	GlobalSection(ProjectConfigurationPlatforms) = postSolution
		{5041811D-5299-4611-8BA7-9C6A5E8B5597}.Debug|Any CPU.ActiveCfg = Debug|Any CPU
		{5041811D-5299-4611-8BA7-9C6A5E8B5597}.Debug|Any CPU.Build.0 = Debug|Any CPU
		{5041811D-5299-4611-8BA7-9C6A5E8B5597}.Release|Any CPU.ActiveCfg = Release|Any CPU
		{5041811D-5299-4611-8BA7-9C6A5E8B5597}.Release|Any CPU.Build.0 = Release|Any CPU
	EndGlobalSection
	GlobalSection(SolutionProperties) = preSolution
		HideSolutionNode = FALSE
	EndGlobalSection
	GlobalSection(ExtensibilityGlobals) = postSolution
		SolutionGuid = {0422319C-8FB4-486B-B6C8-AA30C1C7A603}
	EndGlobalSection
EndGlobal
